
Microsoft Visual Studio Solution File, Format Version 12.00
# Visual Studio 2012
Project("{FAE04EC0-301F-11D3-BF4B-00C04F79EFBC}") = "PerformanceCompareApp", "PerformanceCompareApp\PerformanceCompareApp.csproj", "{C409DD9F-D487-4081-BF43-1A021CA41CF0}"
EndProject
Project("{F2A71F9B-5D33-465A-A702-920D77279786}") = "FSharpApp", "FSharpApp\FSharpApp.fsproj", "{B4A618C7-E8F0-46DA-9132-5267E8C5A384}"
EndProject
Project("{FAE04EC0-301F-11D3-BF4B-00C04F79EFBC}") = "CSharpApp", "CSharpApp\CSharpApp.csproj", "{D9B80E8E-7D77-46CD-B971-42D52D7054BB}"
EndProject
Global
	GlobalSection(SolutionConfigurationPlatforms) = preSolution
		Debug|Any CPU = Debug|Any CPU
		Release|Any CPU = Release|Any CPU
	EndGlobalSection
	GlobalSection(ProjectConfigurationPlatforms) = postSolution
		{C409DD9F-D487-4081-BF43-1A021CA41CF0}.Debug|Any CPU.ActiveCfg = Debug|Any CPU
		{C409DD9F-D487-4081-BF43-1A021CA41CF0}.Debug|Any CPU.Build.0 = Debug|Any CPU
		{C409DD9F-D487-4081-BF43-1A021CA41CF0}.Release|Any CPU.ActiveCfg = Release|Any CPU
		{C409DD9F-D487-4081-BF43-1A021CA41CF0}.Release|Any CPU.Build.0 = Release|Any CPU
		{B4A618C7-E8F0-46DA-9132-5267E8C5A384}.Debug|Any CPU.ActiveCfg = Debug|Any CPU
		{B4A618C7-E8F0-46DA-9132-5267E8C5A384}.Debug|Any CPU.Build.0 = Debug|Any CPU
		{B4A618C7-E8F0-46DA-9132-5267E8C5A384}.Release|Any CPU.ActiveCfg = Release|Any CPU
		{B4A618C7-E8F0-46DA-9132-5267E8C5A384}.Release|Any CPU.Build.0 = Release|Any CPU
		{D9B80E8E-7D77-46CD-B971-42D52D7054BB}.Debug|Any CPU.ActiveCfg = Debug|Any CPU
		{D9B80E8E-7D77-46CD-B971-42D52D7054BB}.Debug|Any CPU.Build.0 = Debug|Any CPU
		{D9B80E8E-7D77-46CD-B971-42D52D7054BB}.Release|Any CPU.ActiveCfg = Release|Any CPU
		{D9B80E8E-7D77-46CD-B971-42D52D7054BB}.Release|Any CPU.Build.0 = Release|Any CPU
	EndGlobalSection
	GlobalSection(SolutionProperties) = preSolution
		HideSolutionNode = FALSE
	EndGlobalSection
EndGlobal
